
Microsoft Visual Studio Solution File, Format Version 12.00
# Visual Studio Version 17
VisualStudioVersion = 17.0.31903.59
MinimumVisualStudioVersion = 10.0.40219.1
Project("{FAE04EC0-301F-11D3-BF4B-00C04F79EFBC}") = "Task01_BiquadraticSolver", "Task01_BiquadraticSolver\Task01_BiquadraticSolver.csproj", "{FAD589C2-6A4F-401D-9485-E9689B2CA902}"
EndProject
Project("{FAE04EC0-301F-11D3-BF4B-00C04F79EFBC}") = "Task02_ObjectArrayPatterns", "Task02_ObjectArrayPatterns\Task02_ObjectArrayPatterns.csproj", "{84A31854-4CE5-4891-A70A-010900CDDBCB}"
EndProject
Project("{FAE04EC0-301F-11D3-BF4B-00C04F79EFBC}") = "Task03_ArrayLoops", "Task03_ArrayLoops\Task03_ArrayLoops.csproj", "{D6BAC476-4848-4222-AE03-3E043A5DD0A6}"
EndProject
Project("{FAE04EC0-301F-11D3-BF4B-00C04F79EFBC}") = "Task04_MatrixSymmetry", "Task04_MatrixSymmetry\Task04_MatrixSymmetry.csproj", "{35BD408C-F575-4EA8-B402-52A8F0A1987C}"
EndProject
Project("{FAE04EC0-301F-11D3-BF4B-00C04F79EFBC}") = "Task05_NullableDemo", "Task05_NullableDemo\Task05_NullableDemo.csproj", "{E8809BDA-C3CD-4620-B5B4-6A62C778C4FB}"
EndProject
Project("{FAE04EC0-301F-11D3-BF4B-00C04F79EFBC}") = "Task06_TxtFileFinder", "Task06_TxtFileFinder\Task06_TxtFileFinder.csproj", "{F965866F-E730-4D0B-AE52-99703833B20B}"
EndProject
Project("{FAE04EC0-301F-11D3-BF4B-00C04F79EFBC}") = "Task07_NotesFileManager", "Task07_NotesFileManager\Task07_NotesFileManager.csproj", "{7B4B906B-B2FD-4279-8B9D-B1485753C816}"
EndProject
Project("{FAE04EC0-301F-11D3-BF4B-00C04F79EFBC}") = "Task08_StringBuilderList", "Task08_StringBuilderList\Task08_StringBuilderList.csproj", "{F277E387-11A4-4737-84D0-70ABD4450CCD}"
EndProject
Project("{FAE04EC0-301F-11D3-BF4B-00C04F79EFBC}") = "Task09_StreamPipeline", "Task09_StreamPipeline\Task09_StreamPipeline.csproj", "{7DD211BC-C8CF-4D0D-81CE-D83DB6842938}"
EndProject
Project("{FAE04EC0-301F-11D3-BF4B-00C04F79EFBC}") = "Task10_StudentCollections", "Task10_StudentCollections\Task10_StudentCollections.csproj", "{ADBDFD50-8DDE-4796-B4CC-2D877856C5D9}"
EndProject
Project("{FAE04EC0-301F-11D3-BF4B-00C04F79EFBC}") = "Task11_LibraryBasics", "Task11_LibraryBasics\Task11_LibraryBasics.csproj", "{07435592-6065-4254-AD6F-F4C47A8C461B}"
EndProject
Project("{FAE04EC0-301F-11D3-BF4B-00C04F79EFBC}") = "Task12_LibraryOOP", "Task12_LibraryOOP\Task12_LibraryOOP.csproj", "{BC3BEBF6-6FE0-4061-B5CA-F004CEFA83AD}"
EndProject
Project("{FAE04EC0-301F-11D3-BF4B-00C04F79EFBC}") = "Task13_LibraryAdvanced", "Task13_LibraryAdvanced\Task13_LibraryAdvanced.csproj", "{57391793-AFB0-4039-89AD-8B3991D56B1D}"
EndProject
Project("{FAE04EC0-301F-11D3-BF4B-00C04F79EFBC}") = "Task14_LinqObjectsFinal", "Task14_LinqObjectsFinal\Task14_LinqObjectsFinal.csproj", "{FE4F86FF-8B09-4EDC-9C96-DF592DAD52AB}"
EndProject
Global
	GlobalSection(SolutionConfigurationPlatforms) = preSolution
		Debug|Any CPU = Debug|Any CPU
		Debug|x64 = Debug|x64
		Debug|x86 = Debug|x86
		Release|Any CPU = Release|Any CPU
		Release|x64 = Release|x64
		Release|x86 = Release|x86
	EndGlobalSection
	GlobalSection(ProjectConfigurationPlatforms) = postSolution
		{FAD589C2-6A4F-401D-9485-E9689B2CA902}.Debug|Any CPU.ActiveCfg = Debug|Any CPU
		{FAD589C2-6A4F-401D-9485-E9689B2CA902}.Debug|Any CPU.Build.0 = Debug|Any CPU
		{FAD589C2-6A4F-401D-9485-E9689B2CA902}.Debug|x64.ActiveCfg = Debug|Any CPU
		{FAD589C2-6A4F-401D-9485-E9689B2CA902}.Debug|x64.Build.0 = Debug|Any CPU
		{FAD589C2-6A4F-401D-9485-E9689B2CA902}.Debug|x86.ActiveCfg = Debug|Any CPU
		{FAD589C2-6A4F-401D-9485-E9689B2CA902}.Debug|x86.Build.0 = Debug|Any CPU
		{FAD589C2-6A4F-401D-9485-E9689B2CA902}.Release|Any CPU.ActiveCfg = Release|Any CPU
		{FAD589C2-6A4F-401D-9485-E9689B2CA902}.Release|Any CPU.Build.0 = Release|Any CPU
		{FAD589C2-6A4F-401D-9485-E9689B2CA902}.Release|x64.ActiveCfg = Release|Any CPU
		{FAD589C2-6A4F-401D-9485-E9689B2CA902}.Release|x64.Build.0 = Release|Any CPU
		{FAD589C2-6A4F-401D-9485-E9689B2CA902}.Release|x86.ActiveCfg = Release|Any CPU
		{FAD589C2-6A4F-401D-9485-E9689B2CA902}.Release|x86.Build.0 = Release|Any CPU
		{84A31854-4CE5-4891-A70A-010900CDDBCB}.Debug|Any CPU.ActiveCfg = Debug|Any CPU
		{84A31854-4CE5-4891-A70A-010900CDDBCB}.Debug|Any CPU.Build.0 = Debug|Any CPU
		{84A31854-4CE5-4891-A70A-010900CDDBCB}.Debug|x64.ActiveCfg = Debug|Any CPU
		{84A31854-4CE5-4891-A70A-010900CDDBCB}.Debug|x64.Build.0 = Debug|Any CPU
		{84A31854-4CE5-4891-A70A-010900CDDBCB}.Debug|x86.ActiveCfg = Debug|Any CPU
		{84A31854-4CE5-4891-A70A-010900CDDBCB}.Debug|x86.Build.0 = Debug|Any CPU
		{84A31854-4CE5-4891-A70A-010900CDDBCB}.Release|Any CPU.ActiveCfg = Release|Any CPU
		{84A31854-4CE5-4891-A70A-010900CDDBCB}.Release|Any CPU.Build.0 = Release|Any CPU
		{84A31854-4CE5-4891-A70A-010900CDDBCB}.Release|x64.ActiveCfg = Release|Any CPU
		{84A31854-4CE5-4891-A70A-010900CDDBCB}.Release|x64.Build.0 = Release|Any CPU
		{84A31854-4CE5-4891-A70A-010900CDDBCB}.Release|x86.ActiveCfg = Release|Any CPU
		{84A31854-4CE5-4891-A70A-010900CDDBCB}.Release|x86.Build.0 = Release|Any CPU
		{D6BAC476-4848-4222-AE03-3E043A5DD0A6}.Debug|Any CPU.ActiveCfg = Debug|Any CPU
		{D6BAC476-4848-4222-AE03-3E043A5DD0A6}.Debug|Any CPU.Build.0 = Debug|Any CPU
		{D6BAC476-4848-4222-AE03-3E043A5DD0A6}.Debug|x64.ActiveCfg = Debug|Any CPU
		{D6BAC476-4848-4222-AE03-3E043A5DD0A6}.Debug|x64.Build.0 = Debug|Any CPU
		{D6BAC476-4848-4222-AE03-3E043A5DD0A6}.Debug|x86.ActiveCfg = Debug|Any CPU
		{D6BAC476-4848-4222-AE03-3E043A5DD0A6}.Debug|x86.Build.0 = Debug|Any CPU
		{D6BAC476-4848-4222-AE03-3E043A5DD0A6}.Release|Any CPU.ActiveCfg = Release|Any CPU
		{D6BAC476-4848-4222-AE03-3E043A5DD0A6}.Release|Any CPU.Build.0 = Release|Any CPU
		{D6BAC476-4848-4222-AE03-3E043A5DD0A6}.Release|x64.ActiveCfg = Release|Any CPU
		{D6BAC476-4848-4222-AE03-3E043A5DD0A6}.Release|x64.Build.0 = Release|Any CPU
		{D6BAC476-4848-4222-AE03-3E043A5DD0A6}.Release|x86.ActiveCfg = Release|Any CPU
		{D6BAC476-4848-4222-AE03-3E043A5DD0A6}.Release|x86.Build.0 = Release|Any CPU
		{35BD408C-F575-4EA8-B402-52A8F0A1987C}.Debug|Any CPU.ActiveCfg = Debug|Any CPU
		{35BD408C-F575-4EA8-B402-52A8F0A1987C}.Debug|Any CPU.Build.0 = Debug|Any CPU
		{35BD408C-F575-4EA8-B402-52A8F0A1987C}.Debug|x64.ActiveCfg = Debug|Any CPU
		{35BD408C-F575-4EA8-B402-52A8F0A1987C}.Debug|x64.Build.0 = Debug|Any CPU
		{35BD408C-F575-4EA8-B402-52A8F0A1987C}.Debug|x86.ActiveCfg = Debug|Any CPU
		{35BD408C-F575-4EA8-B402-52A8F0A1987C}.Debug|x86.Build.0 = Debug|Any CPU
		{35BD408C-F575-4EA8-B402-52A8F0A1987C}.Release|Any CPU.ActiveCfg = Release|Any CPU
		{35BD408C-F575-4EA8-B402-52A8F0A1987C}.Release|Any CPU.Build.0 = Release|Any CPU
		{35BD408C-F575-4EA8-B402-52A8F0A1987C}.Release|x64.ActiveCfg = Release|Any CPU
		{35BD408C-F575-4EA8-B402-52A8F0A1987C}.Release|x64.Build.0 = Release|Any CPU
		{35BD408C-F575-4EA8-B402-52A8F0A1987C}.Release|x86.ActiveCfg = Release|Any CPU
		{35BD408C-F575-4EA8-B402-52A8F0A1987C}.Release|x86.Build.0 = Release|Any CPU
		{E8809BDA-C3CD-4620-B5B4-6A62C778C4FB}.Debug|Any CPU.ActiveCfg = Debug|Any CPU
		{E8809BDA-C3CD-4620-B5B4-6A62C778C4FB}.Debug|Any CPU.Build.0 = Debug|Any CPU
		{E8809BDA-C3CD-4620-B5B4-6A62C778C4FB}.Debug|x64.ActiveCfg = Debug|Any CPU
		{E8809BDA-C3CD-4620-B5B4-6A62C778C4FB}.Debug|x64.Build.0 = Debug|Any CPU
		{E8809BDA-C3CD-4620-B5B4-6A62C778C4FB}.Debug|x86.ActiveCfg = Debug|Any CPU
		{E8809BDA-C3CD-4620-B5B4-6A62C778C4FB}.Debug|x86.Build.0 = Debug|Any CPU
		{E8809BDA-C3CD-4620-B5B4-6A62C778C4FB}.Release|Any CPU.ActiveCfg = Release|Any CPU
		{E8809BDA-C3CD-4620-B5B4-6A62C778C4FB}.Release|Any CPU.Build.0 = Release|Any CPU
		{E8809BDA-C3CD-4620-B5B4-6A62C778C4FB}.Release|x64.ActiveCfg = Release|Any CPU
		{E8809BDA-C3CD-4620-B5B4-6A62C778C4FB}.Release|x64.Build.0 = Release|Any CPU
		{E8809BDA-C3CD-4620-B5B4-6A62C778C4FB}.Release|x86.ActiveCfg = Release|Any CPU
		{E8809BDA-C3CD-4620-B5B4-6A62C778C4FB}.Release|x86.Build.0 = Release|Any CPU
		{F965866F-E730-4D0B-AE52-99703833B20B}.Debug|Any CPU.ActiveCfg = Debug|Any CPU
		{F965866F-E730-4D0B-AE52-99703833B20B}.Debug|Any CPU.Build.0 = Debug|Any CPU
		{F965866F-E730-4D0B-AE52-99703833B20B}.Debug|x64.ActiveCfg = Debug|Any CPU
		{F965866F-E730-4D0B-AE52-99703833B20B}.Debug|x64.Build.0 = Debug|Any CPU
		{F965866F-E730-4D0B-AE52-99703833B20B}.Debug|x86.ActiveCfg = Debug|Any CPU
		{F965866F-E730-4D0B-AE52-99703833B20B}.Debug|x86.Build.0 = Debug|Any CPU
		{F965866F-E730-4D0B-AE52-99703833B20B}.Release|Any CPU.ActiveCfg = Release|Any CPU
		{F965866F-E730-4D0B-AE52-99703833B20B}.Release|Any CPU.Build.0 = Release|Any CPU
		{F965866F-E730-4D0B-AE52-99703833B20B}.Release|x64.ActiveCfg = Release|Any CPU
		{F965866F-E730-4D0B-AE52-99703833B20B}.Release|x64.Build.0 = Release|Any CPU
		{F965866F-E730-4D0B-AE52-99703833B20B}.Release|x86.ActiveCfg = Release|Any CPU
		{F965866F-E730-4D0B-AE52-99703833B20B}.Release|x86.Build.0 = Release|Any CPU
		{7B4B906B-B2FD-4279-8B9D-B1485753C816}.Debug|Any CPU.ActiveCfg = Debug|Any CPU
		{7B4B906B-B2FD-4279-8B9D-B1485753C816}.Debug|Any CPU.Build.0 = Debug|Any CPU
		{7B4B906B-B2FD-4279-8B9D-B1485753C816}.Debug|x64.ActiveCfg = Debug|Any CPU
		{7B4B906B-B2FD-4279-8B9D-B1485753C816}.Debug|x64.Build.0 = Debug|Any CPU
		{7B4B906B-B2FD-4279-8B9D-B1485753C816}.Debug|x86.ActiveCfg = Debug|Any CPU
		{7B4B906B-B2FD-4279-8B9D-B1485753C816}.Debug|x86.Build.0 = Debug|Any CPU
		{7B4B906B-B2FD-4279-8B9D-B1485753C816}.Release|Any CPU.ActiveCfg = Release|Any CPU
		{7B4B906B-B2FD-4279-8B9D-B1485753C816}.Release|Any CPU.Build.0 = Release|Any CPU
		{7B4B906B-B2FD-4279-8B9D-B1485753C816}.Release|x64.ActiveCfg = Release|Any CPU
		{7B4B906B-B2FD-4279-8B9D-B1485753C816}.Release|x64.Build.0 = Release|Any CPU
		{7B4B906B-B2FD-4279-8B9D-B1485753C816}.Release|x86.ActiveCfg = Release|Any CPU
		{7B4B906B-B2FD-4279-8B9D-B1485753C816}.Release|x86.Build.0 = Release|Any CPU
		{F277E387-11A4-4737-84D0-70ABD4450CCD}.Debug|Any CPU.ActiveCfg = Debug|Any CPU
		{F277E387-11A4-4737-84D0-70ABD4450CCD}.Debug|Any CPU.Build.0 = Debug|Any CPU
		{F277E387-11A4-4737-84D0-70ABD4450CCD}.Debug|x64.ActiveCfg = Debug|Any CPU
		{F277E387-11A4-4737-84D0-70ABD4450CCD}.Debug|x64.Build.0 = Debug|Any CPU
		{F277E387-11A4-4737-84D0-70ABD4450CCD}.Debug|x86.ActiveCfg = Debug|Any CPU
		{F277E387-11A4-4737-84D0-70ABD4450CCD}.Debug|x86.Build.0 = Debug|Any CPU
		{F277E387-11A4-4737-84D0-70ABD4450CCD}.Release|Any CPU.ActiveCfg = Release|Any CPU
		{F277E387-11A4-4737-84D0-70ABD4450CCD}.Release|Any CPU.Build.0 = Release|Any CPU
		{F277E387-11A4-4737-84D0-70ABD4450CCD}.Release|x64.ActiveCfg = Release|Any CPU
		{F277E387-11A4-4737-84D0-70ABD4450CCD}.Release|x64.Build.0 = Release|Any CPU
		{F277E387-11A4-4737-84D0-70ABD4450CCD}.Release|x86.ActiveCfg = Release|Any CPU
		{F277E387-11A4-4737-84D0-70ABD4450CCD}.Release|x86.Build.0 = Release|Any CPU
		{7DD211BC-C8CF-4D0D-81CE-D83DB6842938}.Debug|Any CPU.ActiveCfg = Debug|Any CPU
		{7DD211BC-C8CF-4D0D-81CE-D83DB6842938}.Debug|Any CPU.Build.0 = Debug|Any CPU
		{7DD211BC-C8CF-4D0D-81CE-D83DB6842938}.Debug|x64.ActiveCfg = Debug|Any CPU
		{7DD211BC-C8CF-4D0D-81CE-D83DB6842938}.Debug|x64.Build.0 = Debug|Any CPU
		{7DD211BC-C8CF-4D0D-81CE-D83DB6842938}.Debug|x86.ActiveCfg = Debug|Any CPU
		{7DD211BC-C8CF-4D0D-81CE-D83DB6842938}.Debug|x86.Build.0 = Debug|Any CPU
		{7DD211BC-C8CF-4D0D-81CE-D83DB6842938}.Release|Any CPU.ActiveCfg = Release|Any CPU
		{7DD211BC-C8CF-4D0D-81CE-D83DB6842938}.Release|Any CPU.Build.0 = Release|Any CPU
		{7DD211BC-C8CF-4D0D-81CE-D83DB6842938}.Release|x64.ActiveCfg = Release|Any CPU
		{7DD211BC-C8CF-4D0D-81CE-D83DB6842938}.Release|x64.Build.0 = Release|Any CPU
		{7DD211BC-C8CF-4D0D-81CE-D83DB6842938}.Release|x86.ActiveCfg = Release|Any CPU
		{7DD211BC-C8CF-4D0D-81CE-D83DB6842938}.Release|x86.Build.0 = Release|Any CPU
		{ADBDFD50-8DDE-4796-B4CC-2D877856C5D9}.Debug|Any CPU.ActiveCfg = Debug|Any CPU
		{ADBDFD50-8DDE-4796-B4CC-2D877856C5D9}.Debug|Any CPU.Build.0 = Debug|Any CPU
		{ADBDFD50-8DDE-4796-B4CC-2D877856C5D9}.Debug|x64.ActiveCfg = Debug|Any CPU
		{ADBDFD50-8DDE-4796-B4CC-2D877856C5D9}.Debug|x64.Build.0 = Debug|Any CPU
		{ADBDFD50-8DDE-4796-B4CC-2D877856C5D9}.Debug|x86.ActiveCfg = Debug|Any CPU
		{ADBDFD50-8DDE-4796-B4CC-2D877856C5D9}.Debug|x86.Build.0 = Debug|Any CPU
		{ADBDFD50-8DDE-4796-B4CC-2D877856C5D9}.Release|Any CPU.ActiveCfg = Release|Any CPU
		{ADBDFD50-8DDE-4796-B4CC-2D877856C5D9}.Release|Any CPU.Build.0 = Release|Any CPU
		{ADBDFD50-8DDE-4796-B4CC-2D877856C5D9}.Release|x64.ActiveCfg = Release|Any CPU
		{ADBDFD50-8DDE-4796-B4CC-2D877856C5D9}.Release|x64.Build.0 = Release|Any CPU
		{ADBDFD50-8DDE-4796-B4CC-2D877856C5D9}.Release|x86.ActiveCfg = Release|Any CPU
		{ADBDFD50-8DDE-4796-B4CC-2D877856C5D9}.Release|x86.Build.0 = Release|Any CPU
		{07435592-6065-4254-AD6F-F4C47A8C461B}.Debug|Any CPU.ActiveCfg = Debug|Any CPU
		{07435592-6065-4254-AD6F-F4C47A8C461B}.Debug|Any CPU.Build.0 = Debug|Any CPU
		{07435592-6065-4254-AD6F-F4C47A8C461B}.Debug|x64.ActiveCfg = Debug|Any CPU
		{07435592-6065-4254-AD6F-F4C47A8C461B}.Debug|x64.Build.0 = Debug|Any CPU
		{07435592-6065-4254-AD6F-F4C47A8C461B}.Debug|x86.ActiveCfg = Debug|Any CPU
		{07435592-6065-4254-AD6F-F4C47A8C461B}.Debug|x86.Build.0 = Debug|Any CPU
		{07435592-6065-4254-AD6F-F4C47A8C461B}.Release|Any CPU.ActiveCfg = Release|Any CPU
		{07435592-6065-4254-AD6F-F4C47A8C461B}.Release|Any CPU.Build.0 = Release|Any CPU
		{07435592-6065-4254-AD6F-F4C47A8C461B}.Release|x64.ActiveCfg = Release|Any CPU
		{07435592-6065-4254-AD6F-F4C47A8C461B}.Release|x64.Build.0 = Release|Any CPU
		{07435592-6065-4254-AD6F-F4C47A8C461B}.Release|x86.ActiveCfg = Release|Any CPU
		{07435592-6065-4254-AD6F-F4C47A8C461B}.Release|x86.Build.0 = Release|Any CPU
		{BC3BEBF6-6FE0-4061-B5CA-F004CEFA83AD}.Debug|Any CPU.ActiveCfg = Debug|Any CPU
		{BC3BEBF6-6FE0-4061-B5CA-F004CEFA83AD}.Debug|Any CPU.Build.0 = Debug|Any CPU
		{BC3BEBF6-6FE0-4061-B5CA-F004CEFA83AD}.Debug|x64.ActiveCfg = Debug|Any CPU
		{BC3BEBF6-6FE0-4061-B5CA-F004CEFA83AD}.Debug|x64.Build.0 = Debug|Any CPU
		{BC3BEBF6-6FE0-4061-B5CA-F004CEFA83AD}.Debug|x86.ActiveCfg = Debug|Any CPU
		{BC3BEBF6-6FE0-4061-B5CA-F004CEFA83AD}.Debug|x86.Build.0 = Debug|Any CPU
		{BC3BEBF6-6FE0-4061-B5CA-F004CEFA83AD}.Release|Any CPU.ActiveCfg = Release|Any CPU
		{BC3BEBF6-6FE0-4061-B5CA-F004CEFA83AD}.Release|Any CPU.Build.0 = Release|Any CPU
		{BC3BEBF6-6FE0-4061-B5CA-F004CEFA83AD}.Release|x64.ActiveCfg = Release|Any CPU
		{BC3BEBF6-6FE0-4061-B5CA-F004CEFA83AD}.Release|x64.Build.0 = Release|Any CPU
		{BC3BEBF6-6FE0-4061-B5CA-F004CEFA83AD}.Release|x86.ActiveCfg = Release|Any CPU
		{BC3BEBF6-6FE0-4061-B5CA-F004CEFA83AD}.Release|x86.Build.0 = Release|Any CPU
		{57391793-AFB0-4039-89AD-8B3991D56B1D}.Debug|Any CPU.ActiveCfg = Debug|Any CPU
		{57391793-AFB0-4039-89AD-8B3991D56B1D}.Debug|Any CPU.Build.0 = Debug|Any CPU
		{57391793-AFB0-4039-89AD-8B3991D56B1D}.Debug|x64.ActiveCfg = Debug|Any CPU
		{57391793-AFB0-4039-89AD-8B3991D56B1D}.Debug|x64.Build.0 = Debug|Any CPU
		{57391793-AFB0-4039-89AD-8B3991D56B1D}.Debug|x86.ActiveCfg = Debug|Any CPU
		{57391793-AFB0-4039-89AD-8B3991D56B1D}.Debug|x86.Build.0 = Debug|Any CPU
		{57391793-AFB0-4039-89AD-8B3991D56B1D}.Release|Any CPU.ActiveCfg = Release|Any CPU
		{57391793-AFB0-4039-89AD-8B3991D56B1D}.Release|Any CPU.Build.0 = Release|Any CPU
		{57391793-AFB0-4039-89AD-8B3991D56B1D}.Release|x64.ActiveCfg = Release|Any CPU
		{57391793-AFB0-4039-89AD-8B3991D56B1D}.Release|x64.Build.0 = Release|Any CPU
		{57391793-AFB0-4039-89AD-8B3991D56B1D}.Release|x86.ActiveCfg = Release|Any CPU
		{57391793-AFB0-4039-89AD-8B3991D56B1D}.Release|x86.Build.0 = Release|Any CPU
		{FE4F86FF-8B09-4EDC-9C96-DF592DAD52AB}.Debug|Any CPU.ActiveCfg = Debug|Any CPU
		{FE4F86FF-8B09-4EDC-9C96-DF592DAD52AB}.Debug|Any CPU.Build.0 = Debug|Any CPU
		{FE4F86FF-8B09-4EDC-9C96-DF592DAD52AB}.Debug|x64.ActiveCfg = Debug|Any CPU
		{FE4F86FF-8B09-4EDC-9C96-DF592DAD52AB}.Debug|x64.Build.0 = Debug|Any CPU
		{FE4F86FF-8B09-4EDC-9C96-DF592DAD52AB}.Debug|x86.ActiveCfg = Debug|Any CPU
		{FE4F86FF-8B09-4EDC-9C96-DF592DAD52AB}.Debug|x86.Build.0 = Debug|Any CPU
		{FE4F86FF-8B09-4EDC-9C96-DF592DAD52AB}.Release|Any CPU.ActiveCfg = Release|Any CPU
		{FE4F86FF-8B09-4EDC-9C96-DF592DAD52AB}.Release|Any CPU.Build.0 = Release|Any CPU
		{FE4F86FF-8B09-4EDC-9C96-DF592DAD52AB}.Release|x64.ActiveCfg = Release|Any CPU
		{FE4F86FF-8B09-4EDC-9C96-DF592DAD52AB}.Release|x64.Build.0 = Release|Any CPU
		{FE4F86FF-8B09-4EDC-9C96-DF592DAD52AB}.Release|x86.ActiveCfg = Release|Any CPU
		{FE4F86FF-8B09-4EDC-9C96-DF592DAD52AB}.Release|x86.Build.0 = Release|Any CPU
	EndGlobalSection
	GlobalSection(SolutionProperties) = preSolution
		HideSolutionNode = FALSE
	EndGlobalSection
EndGlobal
