Microsoft Visual Studio Solution File, Format Version 12.00
# Visual Studio Version 17
VisualStudioVersion = 17.5.2.0
MinimumVisualStudioVersion = 10.0.40219.1
Project("{FAE04EC0-301F-11D3-BF4B-00C04F79EFBC}") = "ASOIU-2", "ASOIU-2.csproj", "{76280507-E4F7-5195-287B-95E2982B21DD}"
EndProject
Global
	GlobalSection(SolutionConfigurationPlatforms) = preSolution
		Debug|Any CPU = Debug|Any CPU
		Release|Any CPU = Release|Any CPU
	EndGlobalSection
	GlobalSection(ProjectConfigurationPlatforms) = postSolution
		{76280507-E4F7-5195-287B-95E2982B21DD}.Debug|Any CPU.ActiveCfg = Debug|Any CPU
		{76280507-E4F7-5195-287B-95E2982B21DD}.Debug|Any CPU.Build.0 = Debug|Any CPU
		{76280507-E4F7-5195-287B-95E2982B21DD}.Release|Any CPU.ActiveCfg = Release|Any CPU
		{76280507-E4F7-5195-287B-95E2982B21DD}.Release|Any CPU.Build.0 = Release|Any CPU
	EndGlobalSection
	GlobalSection(SolutionProperties) = preSolution
		HideSolutionNode = FALSE
	EndGlobalSection
	GlobalSection(ExtensibilityGlobals) = postSolution
		SolutionGuid = {5E418762-FADB-4B6A-94C3-C6846ACEEE0B}
	EndGlobalSection
EndGlobal
